
Microsoft Visual Studio Solution File, Format Version 12.00
# Visual Studio 15
VisualStudioVersion = 15.0.28307.572
MinimumVisualStudioVersion = 10.0.40219.1
Project("{FAE04EC0-301F-11D3-BF4B-00C04F79EFBC}") = "ProyectoGPS.Android", "ProyectoGPS\ProyectoGPS.Android\ProyectoGPS.Android.csproj", "{50DE7EFB-238A-4131-B718-CB53F13A820E}"
EndProject
Project("{FAE04EC0-301F-11D3-BF4B-00C04F79EFBC}") = "ProyectoGPS.iOS", "ProyectoGPS\ProyectoGPS.iOS\ProyectoGPS.iOS.csproj", "{17EC829C-3293-4D09-8521-5E46F9DBE2DB}"
EndProject
Project("{FAE04EC0-301F-11D3-BF4B-00C04F79EFBC}") = "ProyectoGPS.UWP", "ProyectoGPS\ProyectoGPS.UWP\ProyectoGPS.UWP.csproj", "{D5A01880-F1AA-4673-822F-5463D1409690}"
EndProject
Project("{FAE04EC0-301F-11D3-BF4B-00C04F79EFBC}") = "ProyectoGPS", "ProyectoGPS\ProyectoGPS\ProyectoGPS.csproj", "{5627A624-20E4-48BA-B607-896D737EEE83}"
EndProject
Global
	GlobalSection(SolutionConfigurationPlatforms) = preSolution
		Ad-Hoc|Any CPU = Ad-Hoc|Any CPU
		Ad-Hoc|ARM = Ad-Hoc|ARM
		Ad-Hoc|iPhone = Ad-Hoc|iPhone
		Ad-Hoc|iPhoneSimulator = Ad-Hoc|iPhoneSimulator
		Ad-Hoc|x64 = Ad-Hoc|x64
		Ad-Hoc|x86 = Ad-Hoc|x86
		AppStore|Any CPU = AppStore|Any CPU
		AppStore|ARM = AppStore|ARM
		AppStore|iPhone = AppStore|iPhone
		AppStore|iPhoneSimulator = AppStore|iPhoneSimulator
		AppStore|x64 = AppStore|x64
		AppStore|x86 = AppStore|x86
		Debug|Any CPU = Debug|Any CPU
		Debug|ARM = Debug|ARM
		Debug|iPhone = Debug|iPhone
		Debug|iPhoneSimulator = Debug|iPhoneSimulator
		Debug|x64 = Debug|x64
		Debug|x86 = Debug|x86
		Release|Any CPU = Release|Any CPU
		Release|ARM = Release|ARM
		Release|iPhone = Release|iPhone
		Release|iPhoneSimulator = Release|iPhoneSimulator
		Release|x64 = Release|x64
		Release|x86 = Release|x86
	EndGlobalSection
	GlobalSection(ProjectConfigurationPlatforms) = postSolution
		{50DE7EFB-238A-4131-B718-CB53F13A820E}.Ad-Hoc|Any CPU.ActiveCfg = Release|Any CPU
		{50DE7EFB-238A-4131-B718-CB53F13A820E}.Ad-Hoc|Any CPU.Build.0 = Release|Any CPU
		{50DE7EFB-238A-4131-B718-CB53F13A820E}.Ad-Hoc|Any CPU.Deploy.0 = Release|Any CPU
		{50DE7EFB-238A-4131-B718-CB53F13A820E}.Ad-Hoc|ARM.ActiveCfg = Release|Any CPU
		{50DE7EFB-238A-4131-B718-CB53F13A820E}.Ad-Hoc|ARM.Build.0 = Release|Any CPU
		{50DE7EFB-238A-4131-B718-CB53F13A820E}.Ad-Hoc|ARM.Deploy.0 = Release|Any CPU
		{50DE7EFB-238A-4131-B718-CB53F13A820E}.Ad-Hoc|iPhone.ActiveCfg = Release|Any CPU
		{50DE7EFB-238A-4131-B718-CB53F13A820E}.Ad-Hoc|iPhone.Build.0 = Release|Any CPU
		{50DE7EFB-238A-4131-B718-CB53F13A820E}.Ad-Hoc|iPhone.Deploy.0 = Release|Any CPU
		{50DE7EFB-238A-4131-B718-CB53F13A820E}.Ad-Hoc|iPhoneSimulator.ActiveCfg = Release|Any CPU
		{50DE7EFB-238A-4131-B718-CB53F13A820E}.Ad-Hoc|iPhoneSimulator.Build.0 = Release|Any CPU
		{50DE7EFB-238A-4131-B718-CB53F13A820E}.Ad-Hoc|iPhoneSimulator.Deploy.0 = Release|Any CPU
		{50DE7EFB-238A-4131-B718-CB53F13A820E}.Ad-Hoc|x64.ActiveCfg = Release|Any CPU
		{50DE7EFB-238A-4131-B718-CB53F13A820E}.Ad-Hoc|x64.Build.0 = Release|Any CPU
		{50DE7EFB-238A-4131-B718-CB53F13A820E}.Ad-Hoc|x64.Deploy.0 = Release|Any CPU
		{50DE7EFB-238A-4131-B718-CB53F13A820E}.Ad-Hoc|x86.ActiveCfg = Release|Any CPU
		{50DE7EFB-238A-4131-B718-CB53F13A820E}.Ad-Hoc|x86.Build.0 = Release|Any CPU
		{50DE7EFB-238A-4131-B718-CB53F13A820E}.Ad-Hoc|x86.Deploy.0 = Release|Any CPU
		{50DE7EFB-238A-4131-B718-CB53F13A820E}.AppStore|Any CPU.ActiveCfg = Release|Any CPU
		{50DE7EFB-238A-4131-B718-CB53F13A820E}.AppStore|Any CPU.Build.0 = Release|Any CPU
		{50DE7EFB-238A-4131-B718-CB53F13A820E}.AppStore|Any CPU.Deploy.0 = Release|Any CPU
		{50DE7EFB-238A-4131-B718-CB53F13A820E}.AppStore|ARM.ActiveCfg = Release|Any CPU
		{50DE7EFB-238A-4131-B718-CB53F13A820E}.AppStore|ARM.Build.0 = Release|Any CPU
		{50DE7EFB-238A-4131-B718-CB53F13A820E}.AppStore|ARM.Deploy.0 = Release|Any CPU
		{50DE7EFB-238A-4131-B718-CB53F13A820E}.AppStore|iPhone.ActiveCfg = Release|Any CPU
		{50DE7EFB-238A-4131-B718-CB53F13A820E}.AppStore|iPhone.Build.0 = Release|Any CPU
		{50DE7EFB-238A-4131-B718-CB53F13A820E}.AppStore|iPhone.Deploy.0 = Release|Any CPU
		{50DE7EFB-238A-4131-B718-CB53F13A820E}.AppStore|iPhoneSimulator.ActiveCfg = Release|Any CPU
		{50DE7EFB-238A-4131-B718-CB53F13A820E}.AppStore|iPhoneSimulator.Build.0 = Release|Any CPU
		{50DE7EFB-238A-4131-B718-CB53F13A820E}.AppStore|iPhoneSimulator.Deploy.0 = Release|Any CPU
		{50DE7EFB-238A-4131-B718-CB53F13A820E}.AppStore|x64.ActiveCfg = Release|Any CPU
		{50DE7EFB-238A-4131-B718-CB53F13A820E}.AppStore|x64.Build.0 = Release|Any CPU
		{50DE7EFB-238A-4131-B718-CB53F13A820E}.AppStore|x64.Deploy.0 = Release|Any CPU
		{50DE7EFB-238A-4131-B718-CB53F13A820E}.AppStore|x86.ActiveCfg = Release|Any CPU
		{50DE7EFB-238A-4131-B718-CB53F13A820E}.AppStore|x86.Build.0 = Release|Any CPU
		{50DE7EFB-238A-4131-B718-CB53F13A820E}.AppStore|x86.Deploy.0 = Release|Any CPU
		{50DE7EFB-238A-4131-B718-CB53F13A820E}.Debug|Any CPU.ActiveCfg = Debug|Any CPU
		{50DE7EFB-238A-4131-B718-CB53F13A820E}.Debug|Any CPU.Build.0 = Debug|Any CPU
		{50DE7EFB-238A-4131-B718-CB53F13A820E}.Debug|Any CPU.Deploy.0 = Debug|Any CPU
		{50DE7EFB-238A-4131-B718-CB53F13A820E}.Debug|ARM.ActiveCfg = Debug|Any CPU
		{50DE7EFB-238A-4131-B718-CB53F13A820E}.Debug|ARM.Build.0 = Debug|Any CPU
		{50DE7EFB-238A-4131-B718-CB53F13A820E}.Debug|ARM.Deploy.0 = Debug|Any CPU
		{50DE7EFB-238A-4131-B718-CB53F13A820E}.Debug|iPhone.ActiveCfg = Debug|Any CPU
		{50DE7EFB-238A-4131-B718-CB53F13A820E}.Debug|iPhone.Build.0 = Debug|Any CPU
		{50DE7EFB-238A-4131-B718-CB53F13A820E}.Debug|iPhone.Deploy.0 = Debug|Any CPU
		{50DE7EFB-238A-4131-B718-CB53F13A820E}.Debug|iPhoneSimulator.ActiveCfg = Debug|Any CPU
		{50DE7EFB-238A-4131-B718-CB53F13A820E}.Debug|iPhoneSimulator.Build.0 = Debug|Any CPU
		{50DE7EFB-238A-4131-B718-CB53F13A820E}.Debug|iPhoneSimulator.Deploy.0 = Debug|Any CPU
		{50DE7EFB-238A-4131-B718-CB53F13A820E}.Debug|x64.ActiveCfg = Debug|Any CPU
		{50DE7EFB-238A-4131-B718-CB53F13A820E}.Debug|x64.Build.0 = Debug|Any CPU
		{50DE7EFB-238A-4131-B718-CB53F13A820E}.Debug|x64.Deploy.0 = Debug|Any CPU
		{50DE7EFB-238A-4131-B718-CB53F13A820E}.Debug|x86.ActiveCfg = Debug|Any CPU
		{50DE7EFB-238A-4131-B718-CB53F13A820E}.Debug|x86.Build.0 = Debug|Any CPU
		{50DE7EFB-238A-4131-B718-CB53F13A820E}.Debug|x86.Deploy.0 = Debug|Any CPU
		{50DE7EFB-238A-4131-B718-CB53F13A820E}.Release|Any CPU.ActiveCfg = Release|Any CPU
		{50DE7EFB-238A-4131-B718-CB53F13A820E}.Release|Any CPU.Build.0 = Release|Any CPU
		{50DE7EFB-238A-4131-B718-CB53F13A820E}.Release|Any CPU.Deploy.0 = Release|Any CPU
		{50DE7EFB-238A-4131-B718-CB53F13A820E}.Release|ARM.ActiveCfg = Release|Any CPU
		{50DE7EFB-238A-4131-B718-CB53F13A820E}.Release|ARM.Build.0 = Release|Any CPU
		{50DE7EFB-238A-4131-B718-CB53F13A820E}.Release|ARM.Deploy.0 = Release|Any CPU
		{50DE7EFB-238A-4131-B718-CB53F13A820E}.Release|iPhone.ActiveCfg = Release|Any CPU
		{50DE7EFB-238A-4131-B718-CB53F13A820E}.Release|iPhone.Build.0 = Release|Any CPU
		{50DE7EFB-238A-4131-B718-CB53F13A820E}.Release|iPhone.Deploy.0 = Release|Any CPU
		{50DE7EFB-238A-4131-B718-CB53F13A820E}.Release|iPhoneSimulator.ActiveCfg = Release|Any CPU
		{50DE7EFB-238A-4131-B718-CB53F13A820E}.Release|iPhoneSimulator.Build.0 = Release|Any CPU
		{50DE7EFB-238A-4131-B718-CB53F13A820E}.Release|iPhoneSimulator.Deploy.0 = Release|Any CPU
		{50DE7EFB-238A-4131-B718-CB53F13A820E}.Release|x64.ActiveCfg = Release|Any CPU
		{50DE7EFB-238A-4131-B718-CB53F13A820E}.Release|x64.Build.0 = Release|Any CPU
		{50DE7EFB-238A-4131-B718-CB53F13A820E}.Release|x64.Deploy.0 = Release|Any CPU
		{50DE7EFB-238A-4131-B718-CB53F13A820E}.Release|x86.ActiveCfg = Release|Any CPU
		{50DE7EFB-238A-4131-B718-CB53F13A820E}.Release|x86.Build.0 = Release|Any CPU
		{50DE7EFB-238A-4131-B718-CB53F13A820E}.Release|x86.Deploy.0 = Release|Any CPU
		{17EC829C-3293-4D09-8521-5E46F9DBE2DB}.Ad-Hoc|Any CPU.ActiveCfg = Ad-Hoc|iPhone
		{17EC829C-3293-4D09-8521-5E46F9DBE2DB}.Ad-Hoc|Any CPU.Build.0 = Ad-Hoc|iPhone
		{17EC829C-3293-4D09-8521-5E46F9DBE2DB}.Ad-Hoc|Any CPU.Deploy.0 = Ad-Hoc|iPhone
		{17EC829C-3293-4D09-8521-5E46F9DBE2DB}.Ad-Hoc|ARM.ActiveCfg = Ad-Hoc|iPhone
		{17EC829C-3293-4D09-8521-5E46F9DBE2DB}.Ad-Hoc|ARM.Build.0 = Ad-Hoc|iPhone
		{17EC829C-3293-4D09-8521-5E46F9DBE2DB}.Ad-Hoc|ARM.Deploy.0 = Ad-Hoc|iPhone
		{17EC829C-3293-4D09-8521-5E46F9DBE2DB}.Ad-Hoc|iPhone.ActiveCfg = Ad-Hoc|iPhone
		{17EC829C-3293-4D09-8521-5E46F9DBE2DB}.Ad-Hoc|iPhone.Build.0 = Ad-Hoc|iPhone
		{17EC829C-3293-4D09-8521-5E46F9DBE2DB}.Ad-Hoc|iPhone.Deploy.0 = Ad-Hoc|iPhone
		{17EC829C-3293-4D09-8521-5E46F9DBE2DB}.Ad-Hoc|iPhoneSimulator.ActiveCfg = Ad-Hoc|iPhoneSimulator
		{17EC829C-3293-4D09-8521-5E46F9DBE2DB}.Ad-Hoc|iPhoneSimulator.Build.0 = Ad-Hoc|iPhoneSimulator
		{17EC829C-3293-4D09-8521-5E46F9DBE2DB}.Ad-Hoc|iPhoneSimulator.Deploy.0 = Ad-Hoc|iPhoneSimulator
		{17EC829C-3293-4D09-8521-5E46F9DBE2DB}.Ad-Hoc|x64.ActiveCfg = Ad-Hoc|iPhone
		{17EC829C-3293-4D09-8521-5E46F9DBE2DB}.Ad-Hoc|x64.Build.0 = Ad-Hoc|iPhone
		{17EC829C-3293-4D09-8521-5E46F9DBE2DB}.Ad-Hoc|x64.Deploy.0 = Ad-Hoc|iPhone
		{17EC829C-3293-4D09-8521-5E46F9DBE2DB}.Ad-Hoc|x86.ActiveCfg = Ad-Hoc|iPhone
		{17EC829C-3293-4D09-8521-5E46F9DBE2DB}.Ad-Hoc|x86.Build.0 = Ad-Hoc|iPhone
		{17EC829C-3293-4D09-8521-5E46F9DBE2DB}.Ad-Hoc|x86.Deploy.0 = Ad-Hoc|iPhone
		{17EC829C-3293-4D09-8521-5E46F9DBE2DB}.AppStore|Any CPU.ActiveCfg = AppStore|iPhone
		{17EC829C-3293-4D09-8521-5E46F9DBE2DB}.AppStore|Any CPU.Build.0 = AppStore|iPhone
		{17EC829C-3293-4D09-8521-5E46F9DBE2DB}.AppStore|Any CPU.Deploy.0 = AppStore|iPhone
		{17EC829C-3293-4D09-8521-5E46F9DBE2DB}.AppStore|ARM.ActiveCfg = AppStore|iPhone
		{17EC829C-3293-4D09-8521-5E46F9DBE2DB}.AppStore|ARM.Build.0 = AppStore|iPhone
		{17EC829C-3293-4D09-8521-5E46F9DBE2DB}.AppStore|ARM.Deploy.0 = AppStore|iPhone
		{17EC829C-3293-4D09-8521-5E46F9DBE2DB}.AppStore|iPhone.ActiveCfg = AppStore|iPhone
		{17EC829C-3293-4D09-8521-5E46F9DBE2DB}.AppStore|iPhone.Build.0 = AppStore|iPhone
		{17EC829C-3293-4D09-8521-5E46F9DBE2DB}.AppStore|iPhone.Deploy.0 = AppStore|iPhone
		{17EC829C-3293-4D09-8521-5E46F9DBE2DB}.AppStore|iPhoneSimulator.ActiveCfg = AppStore|iPhoneSimulator
		{17EC829C-3293-4D09-8521-5E46F9DBE2DB}.AppStore|iPhoneSimulator.Build.0 = AppStore|iPhoneSimulator
		{17EC829C-3293-4D09-8521-5E46F9DBE2DB}.AppStore|iPhoneSimulator.Deploy.0 = AppStore|iPhoneSimulator
		{17EC829C-3293-4D09-8521-5E46F9DBE2DB}.AppStore|x64.ActiveCfg = AppStore|iPhone
		{17EC829C-3293-4D09-8521-5E46F9DBE2DB}.AppStore|x64.Build.0 = AppStore|iPhone
		{17EC829C-3293-4D09-8521-5E46F9DBE2DB}.AppStore|x64.Deploy.0 = AppStore|iPhone
		{17EC829C-3293-4D09-8521-5E46F9DBE2DB}.AppStore|x86.ActiveCfg = AppStore|iPhone
		{17EC829C-3293-4D09-8521-5E46F9DBE2DB}.AppStore|x86.Build.0 = AppStore|iPhone
		{17EC829C-3293-4D09-8521-5E46F9DBE2DB}.AppStore|x86.Deploy.0 = AppStore|iPhone
		{17EC829C-3293-4D09-8521-5E46F9DBE2DB}.Debug|Any CPU.ActiveCfg = Debug|iPhoneSimulator
		{17EC829C-3293-4D09-8521-5E46F9DBE2DB}.Debug|Any CPU.Build.0 = Debug|iPhoneSimulator
		{17EC829C-3293-4D09-8521-5E46F9DBE2DB}.Debug|Any CPU.Deploy.0 = Debug|iPhoneSimulator
		{17EC829C-3293-4D09-8521-5E46F9DBE2DB}.Debug|ARM.ActiveCfg = Debug|iPhone
		{17EC829C-3293-4D09-8521-5E46F9DBE2DB}.Debug|ARM.Build.0 = Debug|iPhone
		{17EC829C-3293-4D09-8521-5E46F9DBE2DB}.Debug|ARM.Deploy.0 = Debug|iPhone
		{17EC829C-3293-4D09-8521-5E46F9DBE2DB}.Debug|iPhone.ActiveCfg = Debug|iPhone
		{17EC829C-3293-4D09-8521-5E46F9DBE2DB}.Debug|iPhone.Build.0 = Debug|iPhone
		{17EC829C-3293-4D09-8521-5E46F9DBE2DB}.Debug|iPhone.Deploy.0 = Debug|iPhone
		{17EC829C-3293-4D09-8521-5E46F9DBE2DB}.Debug|iPhoneSimulator.ActiveCfg = Debug|iPhoneSimulator
		{17EC829C-3293-4D09-8521-5E46F9DBE2DB}.Debug|iPhoneSimulator.Build.0 = Debug|iPhoneSimulator
		{17EC829C-3293-4D09-8521-5E46F9DBE2DB}.Debug|iPhoneSimulator.Deploy.0 = Debug|iPhoneSimulator
		{17EC829C-3293-4D09-8521-5E46F9DBE2DB}.Debug|x64.ActiveCfg = Debug|iPhone
		{17EC829C-3293-4D09-8521-5E46F9DBE2DB}.Debug|x64.Build.0 = Debug|iPhone
		{17EC829C-3293-4D09-8521-5E46F9DBE2DB}.Debug|x64.Deploy.0 = Debug|iPhone
		{17EC829C-3293-4D09-8521-5E46F9DBE2DB}.Debug|x86.ActiveCfg = Debug|iPhone
		{17EC829C-3293-4D09-8521-5E46F9DBE2DB}.Debug|x86.Build.0 = Debug|iPhone
		{17EC829C-3293-4D09-8521-5E46F9DBE2DB}.Debug|x86.Deploy.0 = Debug|iPhone
		{17EC829C-3293-4D09-8521-5E46F9DBE2DB}.Release|Any CPU.ActiveCfg = Release|iPhone
		{17EC829C-3293-4D09-8521-5E46F9DBE2DB}.Release|Any CPU.Build.0 = Release|iPhone
		{17EC829C-3293-4D09-8521-5E46F9DBE2DB}.Release|Any CPU.Deploy.0 = Release|iPhone
		{17EC829C-3293-4D09-8521-5E46F9DBE2DB}.Release|ARM.ActiveCfg = Release|iPhone
		{17EC829C-3293-4D09-8521-5E46F9DBE2DB}.Release|ARM.Build.0 = Release|iPhone
		{17EC829C-3293-4D09-8521-5E46F9DBE2DB}.Release|ARM.Deploy.0 = Release|iPhone
		{17EC829C-3293-4D09-8521-5E46F9DBE2DB}.Release|iPhone.ActiveCfg = Release|iPhone
		{17EC829C-3293-4D09-8521-5E46F9DBE2DB}.Release|iPhone.Build.0 = Release|iPhone
		{17EC829C-3293-4D09-8521-5E46F9DBE2DB}.Release|iPhone.Deploy.0 = Release|iPhone
		{17EC829C-3293-4D09-8521-5E46F9DBE2DB}.Release|iPhoneSimulator.ActiveCfg = Release|iPhoneSimulator
		{17EC829C-3293-4D09-8521-5E46F9DBE2DB}.Release|iPhoneSimulator.Build.0 = Release|iPhoneSimulator
		{17EC829C-3293-4D09-8521-5E46F9DBE2DB}.Release|iPhoneSimulator.Deploy.0 = Release|iPhoneSimulator
		{17EC829C-3293-4D09-8521-5E46F9DBE2DB}.Release|x64.ActiveCfg = Release|iPhone
		{17EC829C-3293-4D09-8521-5E46F9DBE2DB}.Release|x64.Build.0 = Release|iPhone
		{17EC829C-3293-4D09-8521-5E46F9DBE2DB}.Release|x64.Deploy.0 = Release|iPhone
		{17EC829C-3293-4D09-8521-5E46F9DBE2DB}.Release|x86.ActiveCfg = Release|iPhone
		{17EC829C-3293-4D09-8521-5E46F9DBE2DB}.Release|x86.Build.0 = Release|iPhone
		{17EC829C-3293-4D09-8521-5E46F9DBE2DB}.Release|x86.Deploy.0 = Release|iPhone
		{D5A01880-F1AA-4673-822F-5463D1409690}.Ad-Hoc|Any CPU.ActiveCfg = Release|x86
		{D5A01880-F1AA-4673-822F-5463D1409690}.Ad-Hoc|Any CPU.Build.0 = Release|x86
		{D5A01880-F1AA-4673-822F-5463D1409690}.Ad-Hoc|Any CPU.Deploy.0 = Release|x86
		{D5A01880-F1AA-4673-822F-5463D1409690}.Ad-Hoc|ARM.ActiveCfg = Release|ARM
		{D5A01880-F1AA-4673-822F-5463D1409690}.Ad-Hoc|ARM.Build.0 = Release|ARM
		{D5A01880-F1AA-4673-822F-5463D1409690}.Ad-Hoc|ARM.Deploy.0 = Release|ARM
		{D5A01880-F1AA-4673-822F-5463D1409690}.Ad-Hoc|iPhone.ActiveCfg = Release|x86
		{D5A01880-F1AA-4673-822F-5463D1409690}.Ad-Hoc|iPhone.Build.0 = Release|x86
		{D5A01880-F1AA-4673-822F-5463D1409690}.Ad-Hoc|iPhone.Deploy.0 = Release|x86
		{D5A01880-F1AA-4673-822F-5463D1409690}.Ad-Hoc|iPhoneSimulator.ActiveCfg = Release|x86
		{D5A01880-F1AA-4673-822F-5463D1409690}.Ad-Hoc|iPhoneSimulator.Build.0 = Release|x86
		{D5A01880-F1AA-4673-822F-5463D1409690}.Ad-Hoc|iPhoneSimulator.Deploy.0 = Release|x86
		{D5A01880-F1AA-4673-822F-5463D1409690}.Ad-Hoc|x64.ActiveCfg = Release|x64
		{D5A01880-F1AA-4673-822F-5463D1409690}.Ad-Hoc|x64.Build.0 = Release|x64
		{D5A01880-F1AA-4673-822F-5463D1409690}.Ad-Hoc|x64.Deploy.0 = Release|x64
		{D5A01880-F1AA-4673-822F-5463D1409690}.Ad-Hoc|x86.ActiveCfg = Release|x86
		{D5A01880-F1AA-4673-822F-5463D1409690}.Ad-Hoc|x86.Build.0 = Release|x86
		{D5A01880-F1AA-4673-822F-5463D1409690}.Ad-Hoc|x86.Deploy.0 = Release|x86
		{D5A01880-F1AA-4673-822F-5463D1409690}.AppStore|Any CPU.ActiveCfg = Release|x86
		{D5A01880-F1AA-4673-822F-5463D1409690}.AppStore|Any CPU.Build.0 = Release|x86
		{D5A01880-F1AA-4673-822F-5463D1409690}.AppStore|Any CPU.Deploy.0 = Release|x86
		{D5A01880-F1AA-4673-822F-5463D1409690}.AppStore|ARM.ActiveCfg = Release|ARM
		{D5A01880-F1AA-4673-822F-5463D1409690}.AppStore|ARM.Build.0 = Release|ARM
		{D5A01880-F1AA-4673-822F-5463D1409690}.AppStore|ARM.Deploy.0 = Release|ARM
		{D5A01880-F1AA-4673-822F-5463D1409690}.AppStore|iPhone.ActiveCfg = Release|x86
		{D5A01880-F1AA-4673-822F-5463D1409690}.AppStore|iPhone.Build.0 = Release|x86
		{D5A01880-F1AA-4673-822F-5463D1409690}.AppStore|iPhone.Deploy.0 = Release|x86
		{D5A01880-F1AA-4673-822F-5463D1409690}.AppStore|iPhoneSimulator.ActiveCfg = Release|x86
		{D5A01880-F1AA-4673-822F-5463D1409690}.AppStore|iPhoneSimulator.Build.0 = Release|x86
		{D5A01880-F1AA-4673-822F-5463D1409690}.AppStore|iPhoneSimulator.Deploy.0 = Release|x86
		{D5A01880-F1AA-4673-822F-5463D1409690}.AppStore|x64.ActiveCfg = Release|x64
		{D5A01880-F1AA-4673-822F-5463D1409690}.AppStore|x64.Build.0 = Release|x64
		{D5A01880-F1AA-4673-822F-5463D1409690}.AppStore|x64.Deploy.0 = Release|x64
		{D5A01880-F1AA-4673-822F-5463D1409690}.AppStore|x86.ActiveCfg = Release|x86
		{D5A01880-F1AA-4673-822F-5463D1409690}.AppStore|x86.Build.0 = Release|x86
		{D5A01880-F1AA-4673-822F-5463D1409690}.AppStore|x86.Deploy.0 = Release|x86
		{D5A01880-F1AA-4673-822F-5463D1409690}.Debug|Any CPU.ActiveCfg = Debug|x86
		{D5A01880-F1AA-4673-822F-5463D1409690}.Debug|Any CPU.Build.0 = Debug|x86
		{D5A01880-F1AA-4673-822F-5463D1409690}.Debug|Any CPU.Deploy.0 = Debug|x86
		{D5A01880-F1AA-4673-822F-5463D1409690}.Debug|ARM.ActiveCfg = Debug|ARM
		{D5A01880-F1AA-4673-822F-5463D1409690}.Debug|ARM.Build.0 = Debug|ARM
		{D5A01880-F1AA-4673-822F-5463D1409690}.Debug|ARM.Deploy.0 = Debug|ARM
		{D5A01880-F1AA-4673-822F-5463D1409690}.Debug|iPhone.ActiveCfg = Debug|x86
		{D5A01880-F1AA-4673-822F-5463D1409690}.Debug|iPhone.Build.0 = Debug|x86
		{D5A01880-F1AA-4673-822F-5463D1409690}.Debug|iPhone.Deploy.0 = Debug|x86
		{D5A01880-F1AA-4673-822F-5463D1409690}.Debug|iPhoneSimulator.ActiveCfg = Debug|x86
		{D5A01880-F1AA-4673-822F-5463D1409690}.Debug|iPhoneSimulator.Build.0 = Debug|x86
		{D5A01880-F1AA-4673-822F-5463D1409690}.Debug|iPhoneSimulator.Deploy.0 = Debug|x86
		{D5A01880-F1AA-4673-822F-5463D1409690}.Debug|x64.ActiveCfg = Debug|x64
		{D5A01880-F1AA-4673-822F-5463D1409690}.Debug|x64.Build.0 = Debug|x64
		{D5A01880-F1AA-4673-822F-5463D1409690}.Debug|x64.Deploy.0 = Debug|x64
		{D5A01880-F1AA-4673-822F-5463D1409690}.Debug|x86.ActiveCfg = Debug|x86
		{D5A01880-F1AA-4673-822F-5463D1409690}.Debug|x86.Build.0 = Debug|x86
		{D5A01880-F1AA-4673-822F-5463D1409690}.Debug|x86.Deploy.0 = Debug|x86
		{D5A01880-F1AA-4673-822F-5463D1409690}.Release|Any CPU.ActiveCfg = Release|x86
		{D5A01880-F1AA-4673-822F-5463D1409690}.Release|Any CPU.Build.0 = Release|x86
		{D5A01880-F1AA-4673-822F-5463D1409690}.Release|Any CPU.Deploy.0 = Release|x86
		{D5A01880-F1AA-4673-822F-5463D1409690}.Release|ARM.ActiveCfg = Release|ARM
		{D5A01880-F1AA-4673-822F-5463D1409690}.Release|ARM.Build.0 = Release|ARM
		{D5A01880-F1AA-4673-822F-5463D1409690}.Release|ARM.Deploy.0 = Release|ARM
		{D5A01880-F1AA-4673-822F-5463D1409690}.Release|iPhone.ActiveCfg = Release|x86
		{D5A01880-F1AA-4673-822F-5463D1409690}.Release|iPhone.Build.0 = Release|x86
		{D5A01880-F1AA-4673-822F-5463D1409690}.Release|iPhone.Deploy.0 = Release|x86
		{D5A01880-F1AA-4673-822F-5463D1409690}.Release|iPhoneSimulator.ActiveCfg = Release|x86
		{D5A01880-F1AA-4673-822F-5463D1409690}.Release|iPhoneSimulator.Build.0 = Release|x86
		{D5A01880-F1AA-4673-822F-5463D1409690}.Release|iPhoneSimulator.Deploy.0 = Release|x86
		{D5A01880-F1AA-4673-822F-5463D1409690}.Release|x64.ActiveCfg = Release|x64
		{D5A01880-F1AA-4673-822F-5463D1409690}.Release|x64.Build.0 = Release|x64
		{D5A01880-F1AA-4673-822F-5463D1409690}.Release|x64.Deploy.0 = Release|x64
		{D5A01880-F1AA-4673-822F-5463D1409690}.Release|x86.ActiveCfg = Release|x86
		{D5A01880-F1AA-4673-822F-5463D1409690}.Release|x86.Build.0 = Release|x86
		{D5A01880-F1AA-4673-822F-5463D1409690}.Release|x86.Deploy.0 = Release|x86
		{5627A624-20E4-48BA-B607-896D737EEE83}.Ad-Hoc|Any CPU.ActiveCfg = Debug|Any CPU
		{5627A624-20E4-48BA-B607-896D737EEE83}.Ad-Hoc|Any CPU.Build.0 = Debug|Any CPU
		{5627A624-20E4-48BA-B607-896D737EEE83}.Ad-Hoc|Any CPU.Deploy.0 = Debug|Any CPU
		{5627A624-20E4-48BA-B607-896D737EEE83}.Ad-Hoc|ARM.ActiveCfg = Debug|Any CPU
		{5627A624-20E4-48BA-B607-896D737EEE83}.Ad-Hoc|ARM.Build.0 = Debug|Any CPU
		{5627A624-20E4-48BA-B607-896D737EEE83}.Ad-Hoc|ARM.Deploy.0 = Debug|Any CPU
		{5627A624-20E4-48BA-B607-896D737EEE83}.Ad-Hoc|iPhone.ActiveCfg = Debug|Any CPU
		{5627A624-20E4-48BA-B607-896D737EEE83}.Ad-Hoc|iPhone.Build.0 = Debug|Any CPU
		{5627A624-20E4-48BA-B607-896D737EEE83}.Ad-Hoc|iPhone.Deploy.0 = Debug|Any CPU
		{5627A624-20E4-48BA-B607-896D737EEE83}.Ad-Hoc|iPhoneSimulator.ActiveCfg = Debug|Any CPU
		{5627A624-20E4-48BA-B607-896D737EEE83}.Ad-Hoc|iPhoneSimulator.Build.0 = Debug|Any CPU
		{5627A624-20E4-48BA-B607-896D737EEE83}.Ad-Hoc|iPhoneSimulator.Deploy.0 = Debug|Any CPU
		{5627A624-20E4-48BA-B607-896D737EEE83}.Ad-Hoc|x64.ActiveCfg = Debug|Any CPU
		{5627A624-20E4-48BA-B607-896D737EEE83}.Ad-Hoc|x64.Build.0 = Debug|Any CPU
		{5627A624-20E4-48BA-B607-896D737EEE83}.Ad-Hoc|x64.Deploy.0 = Debug|Any CPU
		{5627A624-20E4-48BA-B607-896D737EEE83}.Ad-Hoc|x86.ActiveCfg = Debug|Any CPU
		{5627A624-20E4-48BA-B607-896D737EEE83}.Ad-Hoc|x86.Build.0 = Debug|Any CPU
		{5627A624-20E4-48BA-B607-896D737EEE83}.Ad-Hoc|x86.Deploy.0 = Debug|Any CPU
		{5627A624-20E4-48BA-B607-896D737EEE83}.AppStore|Any CPU.ActiveCfg = Debug|Any CPU
		{5627A624-20E4-48BA-B607-896D737EEE83}.AppStore|Any CPU.Build.0 = Debug|Any CPU
		{5627A624-20E4-48BA-B607-896D737EEE83}.AppStore|Any CPU.Deploy.0 = Debug|Any CPU
		{5627A624-20E4-48BA-B607-896D737EEE83}.AppStore|ARM.ActiveCfg = Debug|Any CPU
		{5627A624-20E4-48BA-B607-896D737EEE83}.AppStore|ARM.Build.0 = Debug|Any CPU
		{5627A624-20E4-48BA-B607-896D737EEE83}.AppStore|ARM.Deploy.0 = Debug|Any CPU
		{5627A624-20E4-48BA-B607-896D737EEE83}.AppStore|iPhone.ActiveCfg = Debug|Any CPU
		{5627A624-20E4-48BA-B607-896D737EEE83}.AppStore|iPhone.Build.0 = Debug|Any CPU
		{5627A624-20E4-48BA-B607-896D737EEE83}.AppStore|iPhone.Deploy.0 = Debug|Any CPU
		{5627A624-20E4-48BA-B607-896D737EEE83}.AppStore|iPhoneSimulator.ActiveCfg = Debug|Any CPU
		{5627A624-20E4-48BA-B607-896D737EEE83}.AppStore|iPhoneSimulator.Build.0 = Debug|Any CPU
		{5627A624-20E4-48BA-B607-896D737EEE83}.AppStore|iPhoneSimulator.Deploy.0 = Debug|Any CPU
		{5627A624-20E4-48BA-B607-896D737EEE83}.AppStore|x64.ActiveCfg = Debug|Any CPU
		{5627A624-20E4-48BA-B607-896D737EEE83}.AppStore|x64.Build.0 = Debug|Any CPU
		{5627A624-20E4-48BA-B607-896D737EEE83}.AppStore|x64.Deploy.0 = Debug|Any CPU
		{5627A624-20E4-48BA-B607-896D737EEE83}.AppStore|x86.ActiveCfg = Debug|Any CPU
		{5627A624-20E4-48BA-B607-896D737EEE83}.AppStore|x86.Build.0 = Debug|Any CPU
		{5627A624-20E4-48BA-B607-896D737EEE83}.AppStore|x86.Deploy.0 = Debug|Any CPU
		{5627A624-20E4-48BA-B607-896D737EEE83}.Debug|Any CPU.ActiveCfg = Debug|Any CPU
		{5627A624-20E4-48BA-B607-896D737EEE83}.Debug|Any CPU.Build.0 = Debug|Any CPU
		{5627A624-20E4-48BA-B607-896D737EEE83}.Debug|Any CPU.Deploy.0 = Debug|Any CPU
		{5627A624-20E4-48BA-B607-896D737EEE83}.Debug|ARM.ActiveCfg = Debug|Any CPU
		{5627A624-20E4-48BA-B607-896D737EEE83}.Debug|ARM.Build.0 = Debug|Any CPU
		{5627A624-20E4-48BA-B607-896D737EEE83}.Debug|ARM.Deploy.0 = Debug|Any CPU
		{5627A624-20E4-48BA-B607-896D737EEE83}.Debug|iPhone.ActiveCfg = Debug|Any CPU
		{5627A624-20E4-48BA-B607-896D737EEE83}.Debug|iPhone.Build.0 = Debug|Any CPU
		{5627A624-20E4-48BA-B607-896D737EEE83}.Debug|iPhone.Deploy.0 = Debug|Any CPU
		{5627A624-20E4-48BA-B607-896D737EEE83}.Debug|iPhoneSimulator.ActiveCfg = Debug|Any CPU
		{5627A624-20E4-48BA-B607-896D737EEE83}.Debug|iPhoneSimulator.Build.0 = Debug|Any CPU
		{5627A624-20E4-48BA-B607-896D737EEE83}.Debug|iPhoneSimulator.Deploy.0 = Debug|Any CPU
		{5627A624-20E4-48BA-B607-896D737EEE83}.Debug|x64.ActiveCfg = Debug|Any CPU
		{5627A624-20E4-48BA-B607-896D737EEE83}.Debug|x64.Build.0 = Debug|Any CPU
		{5627A624-20E4-48BA-B607-896D737EEE83}.Debug|x64.Deploy.0 = Debug|Any CPU
		{5627A624-20E4-48BA-B607-896D737EEE83}.Debug|x86.ActiveCfg = Debug|Any CPU
		{5627A624-20E4-48BA-B607-896D737EEE83}.Debug|x86.Build.0 = Debug|Any CPU
		{5627A624-20E4-48BA-B607-896D737EEE83}.Debug|x86.Deploy.0 = Debug|Any CPU
		{5627A624-20E4-48BA-B607-896D737EEE83}.Release|Any CPU.ActiveCfg = Release|Any CPU
		{5627A624-20E4-48BA-B607-896D737EEE83}.Release|Any CPU.Build.0 = Release|Any CPU
		{5627A624-20E4-48BA-B607-896D737EEE83}.Release|Any CPU.Deploy.0 = Release|Any CPU
		{5627A624-20E4-48BA-B607-896D737EEE83}.Release|ARM.ActiveCfg = Release|Any CPU
		{5627A624-20E4-48BA-B607-896D737EEE83}.Release|ARM.Build.0 = Release|Any CPU
		{5627A624-20E4-48BA-B607-896D737EEE83}.Release|ARM.Deploy.0 = Release|Any CPU
		{5627A624-20E4-48BA-B607-896D737EEE83}.Release|iPhone.ActiveCfg = Release|Any CPU
		{5627A624-20E4-48BA-B607-896D737EEE83}.Release|iPhone.Build.0 = Release|Any CPU
		{5627A624-20E4-48BA-B607-896D737EEE83}.Release|iPhone.Deploy.0 = Release|Any CPU
		{5627A624-20E4-48BA-B607-896D737EEE83}.Release|iPhoneSimulator.ActiveCfg = Release|Any CPU
		{5627A624-20E4-48BA-B607-896D737EEE83}.Release|iPhoneSimulator.Build.0 = Release|Any CPU
		{5627A624-20E4-48BA-B607-896D737EEE83}.Release|iPhoneSimulator.Deploy.0 = Release|Any CPU
		{5627A624-20E4-48BA-B607-896D737EEE83}.Release|x64.ActiveCfg = Release|Any CPU
		{5627A624-20E4-48BA-B607-896D737EEE83}.Release|x64.Build.0 = Release|Any CPU
		{5627A624-20E4-48BA-B607-896D737EEE83}.Release|x64.Deploy.0 = Release|Any CPU
		{5627A624-20E4-48BA-B607-896D737EEE83}.Release|x86.ActiveCfg = Release|Any CPU
		{5627A624-20E4-48BA-B607-896D737EEE83}.Release|x86.Build.0 = Release|Any CPU
		{5627A624-20E4-48BA-B607-896D737EEE83}.Release|x86.Deploy.0 = Release|Any CPU
	EndGlobalSection
	GlobalSection(SolutionProperties) = preSolution
		HideSolutionNode = FALSE
	EndGlobalSection
	GlobalSection(ExtensibilityGlobals) = postSolution
		SolutionGuid = {BC5EEF25-2343-4047-AA4A-2873A5E39B53}
	EndGlobalSection
EndGlobal
